
Microsoft Visual Studio Solution File, Format Version 12.00
# Visual Studio Version 17
VisualStudioVersion = 17.13.36105.23 d17.13
MinimumVisualStudioVersion = 10.0.40219.1
Project("{FAE04EC0-301F-11D3-BF4B-00C04F79EFBC}") = "fukuv0523", "fukuv0523\fukuv0523.csproj", "{91A24019-F3A6-4309-A167-6D12A8B7090F}"
EndProject
Global
	GlobalSection(SolutionConfigurationPlatforms) = preSolution
		Debug|Any CPU = Debug|Any CPU
		Release|Any CPU = Release|Any CPU
	EndGlobalSection
	GlobalSection(ProjectConfigurationPlatforms) = postSolution
		{91A24019-F3A6-4309-A167-6D12A8B7090F}.Debug|Any CPU.ActiveCfg = Debug|Any CPU
		{91A24019-F3A6-4309-A167-6D12A8B7090F}.Debug|Any CPU.Build.0 = Debug|Any CPU
		{91A24019-F3A6-4309-A167-6D12A8B7090F}.Release|Any CPU.ActiveCfg = Release|Any CPU
		{91A24019-F3A6-4309-A167-6D12A8B7090F}.Release|Any CPU.Build.0 = Release|Any CPU
	EndGlobalSection
	GlobalSection(SolutionProperties) = preSolution
		HideSolutionNode = FALSE
	EndGlobalSection
	GlobalSection(ExtensibilityGlobals) = postSolution
		SolutionGuid = {803BB26C-C8C3-4F90-A498-5C3E51B27B51}
	EndGlobalSection
EndGlobal
